
Microsoft Visual Studio Solution File, Format Version 12.00
# Visual Studio Version 17
VisualStudioVersion = 17.11.35327.3
MinimumVisualStudioVersion = 10.0.40219.1
Project("{9A19103F-16F7-4668-BE54-9A1E7A4F7556}") = "MonitoringBackend", "MonitoringBackend.csproj", "{2FD76F3D-CD23-437C-8942-D8087B391692}"
EndProject
Global
	GlobalSection(SolutionConfigurationPlatforms) = preSolution
		Debug|Any CPU = Debug|Any CPU
		Release|Any CPU = Release|Any CPU
	EndGlobalSection
	GlobalSection(ProjectConfigurationPlatforms) = postSolution
		{2FD76F3D-CD23-437C-8942-D8087B391692}.Debug|Any CPU.ActiveCfg = Debug|Any CPU
		{2FD76F3D-CD23-437C-8942-D8087B391692}.Debug|Any CPU.Build.0 = Debug|Any CPU
		{2FD76F3D-CD23-437C-8942-D8087B391692}.Release|Any CPU.ActiveCfg = Release|Any CPU
		{2FD76F3D-CD23-437C-8942-D8087B391692}.Release|Any CPU.Build.0 = Release|Any CPU
	EndGlobalSection
	GlobalSection(SolutionProperties) = preSolution
		HideSolutionNode = FALSE
	EndGlobalSection
	GlobalSection(ExtensibilityGlobals) = postSolution
		SolutionGuid = {3F2CF7CB-7638-4A6C-A600-781D47D9BDBD}
	EndGlobalSection
EndGlobal
